// !$*UTF8*$!
{
	archiveVersion = 1;
	classes = {
	};
	objectVersion = 60;
	objects = {

/* Begin PBXBuildFile section */
		370C04512B26703F00FE27B0 /* SettingsView.swift in Sources */ = {isa = PBXBuildFile; fileRef = 370C04502B26703F00FE27B0 /* SettingsView.swift */; };
		370C04532B2672BB00FE27B0 /* TopAnimeView.swift in Sources */ = {isa = PBXBuildFile; fileRef = 370C04522B2672BB00FE27B0 /* TopAnimeView.swift */; };
		370C04562B26744700FE27B0 /* TopAnimeHelper.swift in Sources */ = {isa = PBXBuildFile; fileRef = 370C04552B26744700FE27B0 /* TopAnimeHelper.swift */; };
		370C04582B2680E100FE27B0 /* TabType.swift in Sources */ = {isa = PBXBuildFile; fileRef = 370C04572B2680E100FE27B0 /* TabType.swift */; };
		370C045E2B26885900FE27B0 /* SearchView.swift in Sources */ = {isa = PBXBuildFile; fileRef = 370C045D2B26885900FE27B0 /* SearchView.swift */; };
		370C04602B26886C00FE27B0 /* DetailView.swift in Sources */ = {isa = PBXBuildFile; fileRef = 370C045F2B26886C00FE27B0 /* DetailView.swift */; };
		370C04622B26891500FE27B0 /* WebView.swift in Sources */ = {isa = PBXBuildFile; fileRef = 370C04612B26891500FE27B0 /* WebView.swift */; };
		370C04692B268C3D00FE27B0 /* SearchHelper.swift in Sources */ = {isa = PBXBuildFile; fileRef = 370C04682B268C3D00FE27B0 /* SearchHelper.swift */; };
		370C04762B269CAE00FE27B0 /* TopAnimeModel.swift in Sources */ = {isa = PBXBuildFile; fileRef = 370C04752B269CAE00FE27B0 /* TopAnimeModel.swift */; };
		370C04782B269D1100FE27B0 /* SearchModel.swift in Sources */ = {isa = PBXBuildFile; fileRef = 370C04772B269D1100FE27B0 /* SearchModel.swift */; };
		3751124D2B26695D0000AE3D /* NavigOtakuApp.swift in Sources */ = {isa = PBXBuildFile; fileRef = 3751124C2B26695D0000AE3D /* NavigOtakuApp.swift */; };
		3751124F2B26695D0000AE3D /* ContentView.swift in Sources */ = {isa = PBXBuildFile; fileRef = 3751124E2B26695D0000AE3D /* ContentView.swift */; };
		375112512B26695E0000AE3D /* Assets.xcassets in Resources */ = {isa = PBXBuildFile; fileRef = 375112502B26695E0000AE3D /* Assets.xcassets */; };
		375112542B26695E0000AE3D /* Preview Assets.xcassets in Resources */ = {isa = PBXBuildFile; fileRef = 375112532B26695E0000AE3D /* Preview Assets.xcassets */; };
		37C8A2C02B28221F0024A0E0 /* あはは.mp3 in Resources */ = {isa = PBXBuildFile; fileRef = 37C8A2BF2B28221F0024A0E0 /* あはは.mp3 */; };
		37CE857A2B26A10700DE6A12 /* Keys.swift in Sources */ = {isa = PBXBuildFile; fileRef = 37CE85792B26A10700DE6A12 /* Keys.swift */; };
		37CE85832B26DCD800DE6A12 /* DetailHelper.swift in Sources */ = {isa = PBXBuildFile; fileRef = 37CE85822B26DCD800DE6A12 /* DetailHelper.swift */; };
		37CE85862B26ECA800DE6A12 /* BundleInfo.swift in Sources */ = {isa = PBXBuildFile; fileRef = 37CE85852B26ECA800DE6A12 /* BundleInfo.swift */; };
		37CE85892B26ED0900DE6A12 /* SoundManager.swift in Sources */ = {isa = PBXBuildFile; fileRef = 37CE85882B26ED0900DE6A12 /* SoundManager.swift */; };
		37CE858F2B26EDF000DE6A12 /* NotificationManager.swift in Sources */ = {isa = PBXBuildFile; fileRef = 37CE858E2B26EDF000DE6A12 /* NotificationManager.swift */; };
		37CE85962B26F10100DE6A12 /* FavoriteView.swift in Sources */ = {isa = PBXBuildFile; fileRef = 37CE85952B26F10100DE6A12 /* FavoriteView.swift */; };
		37CE85982B26F34800DE6A12 /* DetailModel.swift in Sources */ = {isa = PBXBuildFile; fileRef = 37CE85972B26F34800DE6A12 /* DetailModel.swift */; };
		37EE46BE2B27B9BB00214386 /* FavoriteModel.swift in Sources */ = {isa = PBXBuildFile; fileRef = 37EE46BD2B27B9BB00214386 /* FavoriteModel.swift */; };
		37EE46C02B27DCCE00214386 /* SettingsModel.swift in Sources */ = {isa = PBXBuildFile; fileRef = 37EE46BF2B27DCCE00214386 /* SettingsModel.swift */; };
		37EE46C22B28053500214386 /* LoadingAnimation.swift in Sources */ = {isa = PBXBuildFile; fileRef = 37EE46C12B28053500214386 /* LoadingAnimation.swift */; };
/* End PBXBuildFile section */

/* Begin PBXFileReference section */
		370C04502B26703F00FE27B0 /* SettingsView.swift */ = {isa = PBXFileReference; lastKnownFileType = sourcecode.swift; path = SettingsView.swift; sourceTree = "<group>"; };
		370C04522B2672BB00FE27B0 /* TopAnimeView.swift */ = {isa = PBXFileReference; lastKnownFileType = sourcecode.swift; path = TopAnimeView.swift; sourceTree = "<group>"; };
		370C04552B26744700FE27B0 /* TopAnimeHelper.swift */ = {isa = PBXFileReference; lastKnownFileType = sourcecode.swift; path = TopAnimeHelper.swift; sourceTree = "<group>"; };
		370C04572B2680E100FE27B0 /* TabType.swift */ = {isa = PBXFileReference; lastKnownFileType = sourcecode.swift; path = TabType.swift; sourceTree = "<group>"; };
		370C045D2B26885900FE27B0 /* SearchView.swift */ = {isa = PBXFileReference; lastKnownFileType = sourcecode.swift; path = SearchView.swift; sourceTree = "<group>"; };
		370C045F2B26886C00FE27B0 /* DetailView.swift */ = {isa = PBXFileReference; lastKnownFileType = sourcecode.swift; path = DetailView.swift; sourceTree = "<group>"; };
		370C04612B26891500FE27B0 /* WebView.swift */ = {isa = PBXFileReference; lastKnownFileType = sourcecode.swift; path = WebView.swift; sourceTree = "<group>"; };
		370C04682B268C3D00FE27B0 /* SearchHelper.swift */ = {isa = PBXFileReference; lastKnownFileType = sourcecode.swift; path = SearchHelper.swift; sourceTree = "<group>"; };
		370C04752B269CAE00FE27B0 /* TopAnimeModel.swift */ = {isa = PBXFileReference; lastKnownFileType = sourcecode.swift; path = TopAnimeModel.swift; sourceTree = "<group>"; };
		370C04772B269D1100FE27B0 /* SearchModel.swift */ = {isa = PBXFileReference; lastKnownFileType = sourcecode.swift; path = SearchModel.swift; sourceTree = "<group>"; };
		375112492B26695D0000AE3D /* NavigOtaku.app */ = {isa = PBXFileReference; explicitFileType = wrapper.application; includeInIndex = 0; path = NavigOtaku.app; sourceTree = BUILT_PRODUCTS_DIR; };
		3751124C2B26695D0000AE3D /* NavigOtakuApp.swift */ = {isa = PBXFileReference; lastKnownFileType = sourcecode.swift; path = NavigOtakuApp.swift; sourceTree = "<group>"; };
		3751124E2B26695D0000AE3D /* ContentView.swift */ = {isa = PBXFileReference; lastKnownFileType = sourcecode.swift; path = ContentView.swift; sourceTree = "<group>"; };
		375112502B26695E0000AE3D /* Assets.xcassets */ = {isa = PBXFileReference; lastKnownFileType = folder.assetcatalog; path = Assets.xcassets; sourceTree = "<group>"; };
		375112532B26695E0000AE3D /* Preview Assets.xcassets */ = {isa = PBXFileReference; lastKnownFileType = folder.assetcatalog; path = "Preview Assets.xcassets"; sourceTree = "<group>"; };
		3751125E2B266B480000AE3D /* Info.plist */ = {isa = PBXFileReference; lastKnownFileType = text.plist; path = Info.plist; sourceTree = "<group>"; };
		37C8A2BF2B28221F0024A0E0 /* あはは.mp3 */ = {isa = PBXFileReference; lastKnownFileType = audio.mp3; path = "あはは.mp3"; sourceTree = "<group>"; };
		37CE85792B26A10700DE6A12 /* Keys.swift */ = {isa = PBXFileReference; lastKnownFileType = sourcecode.swift; path = Keys.swift; sourceTree = "<group>"; };
		37CE85822B26DCD800DE6A12 /* DetailHelper.swift */ = {isa = PBXFileReference; lastKnownFileType = sourcecode.swift; path = DetailHelper.swift; sourceTree = "<group>"; };
		37CE85852B26ECA800DE6A12 /* BundleInfo.swift */ = {isa = PBXFileReference; fileEncoding = 4; lastKnownFileType = sourcecode.swift; path = BundleInfo.swift; sourceTree = "<group>"; };
		37CE85882B26ED0900DE6A12 /* SoundManager.swift */ = {isa = PBXFileReference; fileEncoding = 4; lastKnownFileType = sourcecode.swift; path = SoundManager.swift; sourceTree = "<group>"; };
		37CE858E2B26EDF000DE6A12 /* NotificationManager.swift */ = {isa = PBXFileReference; fileEncoding = 4; lastKnownFileType = sourcecode.swift; path = NotificationManager.swift; sourceTree = "<group>"; };
		37CE85952B26F10100DE6A12 /* FavoriteView.swift */ = {isa = PBXFileReference; lastKnownFileType = sourcecode.swift; path = FavoriteView.swift; sourceTree = "<group>"; };
		37CE85972B26F34800DE6A12 /* DetailModel.swift */ = {isa = PBXFileReference; lastKnownFileType = sourcecode.swift; path = DetailModel.swift; sourceTree = "<group>"; };
		37EE46BD2B27B9BB00214386 /* FavoriteModel.swift */ = {isa = PBXFileReference; lastKnownFileType = sourcecode.swift; path = FavoriteModel.swift; sourceTree = "<group>"; };
		37EE46BF2B27DCCE00214386 /* SettingsModel.swift */ = {isa = PBXFileReference; lastKnownFileType = sourcecode.swift; path = SettingsModel.swift; sourceTree = "<group>"; };
		37EE46C12B28053500214386 /* LoadingAnimation.swift */ = {isa = PBXFileReference; lastKnownFileType = sourcecode.swift; path = LoadingAnimation.swift; sourceTree = "<group>"; };
/* End PBXFileReference section */

/* Begin PBXFrameworksBuildPhase section */
		375112462B26695D0000AE3D /* Frameworks */ = {
			isa = PBXFrameworksBuildPhase;
			buildActionMask = 2147483647;
			files = (
			);
			runOnlyForDeploymentPostprocessing = 0;
		};
/* End PBXFrameworksBuildPhase section */

/* Begin PBXGroup section */
		370C044F2B26701C00FE27B0 /* Settings */ = {
			isa = PBXGroup;
			children = (
				37CE85882B26ED0900DE6A12 /* SoundManager.swift */,
				37CE858E2B26EDF000DE6A12 /* NotificationManager.swift */,
				37EE46C12B28053500214386 /* LoadingAnimation.swift */,
				37EE46BF2B27DCCE00214386 /* SettingsModel.swift */,
				370C04502B26703F00FE27B0 /* SettingsView.swift */,
				37CE85852B26ECA800DE6A12 /* BundleInfo.swift */,
			);
			path = Settings;
			sourceTree = "<group>";
		};
		370C045B2B26881F00FE27B0 /* AnimeView */ = {
			isa = PBXGroup;
			children = (
				370C04672B2689C600FE27B0 /* TopAnime */,
				370C04662B2689A700FE27B0 /* SearchAnime */,
				370C04652B26899300FE27B0 /* GetDetails */,
				37CE85942B26F0CA00DE6A12 /* MyFavorite */,
			);
			path = AnimeView;
			sourceTree = "<group>";
		};
		370C04652B26899300FE27B0 /* GetDetails */ = {
			isa = PBXGroup;
			children = (
				37CE85972B26F34800DE6A12 /* DetailModel.swift */,
				370C045F2B26886C00FE27B0 /* DetailView.swift */,
				370C04612B26891500FE27B0 /* WebView.swift */,
				37CE85822B26DCD800DE6A12 /* DetailHelper.swift */,
			);
			path = GetDetails;
			sourceTree = "<group>";
		};
		370C04662B2689A700FE27B0 /* SearchAnime */ = {
			isa = PBXGroup;
			children = (
				370C04772B269D1100FE27B0 /* SearchModel.swift */,
				370C045D2B26885900FE27B0 /* SearchView.swift */,
				370C04682B268C3D00FE27B0 /* SearchHelper.swift */,
			);
			path = SearchAnime;
			sourceTree = "<group>";
		};
		370C04672B2689C600FE27B0 /* TopAnime */ = {
			isa = PBXGroup;
			children = (
				370C04752B269CAE00FE27B0 /* TopAnimeModel.swift */,
				370C04522B2672BB00FE27B0 /* TopAnimeView.swift */,
				370C04552B26744700FE27B0 /* TopAnimeHelper.swift */,
			);
			path = TopAnime;
			sourceTree = "<group>";
		};
		375112402B26695D0000AE3D = {
			isa = PBXGroup;
			children = (
				37CE857B2B26A11000DE6A12 /* Local */,
				3751124B2B26695D0000AE3D /* NavigOtaku */,
				3751124A2B26695D0000AE3D /* Products */,
			);
			sourceTree = "<group>";
		};
		3751124A2B26695D0000AE3D /* Products */ = {
			isa = PBXGroup;
			children = (
				375112492B26695D0000AE3D /* NavigOtaku.app */,
			);
			name = Products;
			sourceTree = "<group>";
		};
		3751124B2B26695D0000AE3D /* NavigOtaku */ = {
			isa = PBXGroup;
			children = (
				3751125E2B266B480000AE3D /* Info.plist */,
				3751124C2B26695D0000AE3D /* NavigOtakuApp.swift */,
				3751124E2B26695D0000AE3D /* ContentView.swift */,
				370C04572B2680E100FE27B0 /* TabType.swift */,
				37C8A2BF2B28221F0024A0E0 /* あはは.mp3 */,
				375112502B26695E0000AE3D /* Assets.xcassets */,
				370C045B2B26881F00FE27B0 /* AnimeView */,
				370C044F2B26701C00FE27B0 /* Settings */,
				375112522B26695E0000AE3D /* Preview Content */,
			);
			path = NavigOtaku;
			sourceTree = "<group>";
		};
		375112522B26695E0000AE3D /* Preview Content */ = {
			isa = PBXGroup;
			children = (
				375112532B26695E0000AE3D /* Preview Assets.xcassets */,
			);
			path = "Preview Content";
			sourceTree = "<group>";
		};
		37CE857B2B26A11000DE6A12 /* Local */ = {
			isa = PBXGroup;
			children = (
				37CE85792B26A10700DE6A12 /* Keys.swift */,
			);
			path = Local;
			sourceTree = "<group>";
		};
		37CE85942B26F0CA00DE6A12 /* MyFavorite */ = {
			isa = PBXGroup;
			children = (
				37EE46BD2B27B9BB00214386 /* FavoriteModel.swift */,
				37CE85952B26F10100DE6A12 /* FavoriteView.swift */,
			);
			path = MyFavorite;
			sourceTree = "<group>";
		};
/* End PBXGroup section */

/* Begin PBXNativeTarget section */
		375112482B26695D0000AE3D /* NavigOtaku */ = {
			isa = PBXNativeTarget;
			buildConfigurationList = 375112572B26695E0000AE3D /* Build configuration list for PBXNativeTarget "NavigOtaku" */;
			buildPhases = (
				375112452B26695D0000AE3D /* Sources */,
				375112462B26695D0000AE3D /* Frameworks */,
				375112472B26695D0000AE3D /* Resources */,
			);
			buildRules = (
			);
			dependencies = (
			);
			name = NavigOtaku;
			productName = SakuraStream;
			productReference = 375112492B26695D0000AE3D /* NavigOtaku.app */;
			productType = "com.apple.product-type.application";
		};
/* End PBXNativeTarget section */

/* Begin PBXProject section */
		375112412B26695D0000AE3D /* Project object */ = {
			isa = PBXProject;
			attributes = {
				BuildIndependentTargetsInParallel = 1;
				LastSwiftUpdateCheck = 1430;
				LastUpgradeCheck = 1510;
				TargetAttributes = {
					375112482B26695D0000AE3D = {
						CreatedOnToolsVersion = 14.3.1;
					};
				};
			};
			buildConfigurationList = 375112442B26695D0000AE3D /* Build configuration list for PBXProject "NavigOtaku" */;
			compatibilityVersion = "Xcode 15.0";
			developmentRegion = en;
			hasScannedForEncodings = 0;
			knownRegions = (
				en,
				Base,
			);
			mainGroup = 375112402B26695D0000AE3D;
			productRefGroup = 3751124A2B26695D0000AE3D /* Products */;
			projectDirPath = "";
			projectRoot = "";
			targets = (
				375112482B26695D0000AE3D /* NavigOtaku */,
			);
		};
/* End PBXProject section */

/* Begin PBXResourcesBuildPhase section */
		375112472B26695D0000AE3D /* Resources */ = {
			isa = PBXResourcesBuildPhase;
			buildActionMask = 2147483647;
			files = (
				375112542B26695E0000AE3D /* Preview Assets.xcassets in Resources */,
				375112512B26695E0000AE3D /* Assets.xcassets in Resources */,
				37C8A2C02B28221F0024A0E0 /* あはは.mp3 in Resources */,
			);
			runOnlyForDeploymentPostprocessing = 0;
		};
/* End PBXResourcesBuildPhase section */

/* Begin PBXSourcesBuildPhase section */
		375112452B26695D0000AE3D /* Sources */ = {
			isa = PBXSourcesBuildPhase;
			buildActionMask = 2147483647;
			files = (
				37CE85862B26ECA800DE6A12 /* BundleInfo.swift in Sources */,
				37CE85832B26DCD800DE6A12 /* DetailHelper.swift in Sources */,
				37EE46C02B27DCCE00214386 /* SettingsModel.swift in Sources */,
				37EE46BE2B27B9BB00214386 /* FavoriteModel.swift in Sources */,
				370C04622B26891500FE27B0 /* WebView.swift in Sources */,
				370C045E2B26885900FE27B0 /* SearchView.swift in Sources */,
				370C04692B268C3D00FE27B0 /* SearchHelper.swift in Sources */,
				37EE46C22B28053500214386 /* LoadingAnimation.swift in Sources */,
				37CE857A2B26A10700DE6A12 /* Keys.swift in Sources */,
				370C04532B2672BB00FE27B0 /* TopAnimeView.swift in Sources */,
				3751124F2B26695D0000AE3D /* ContentView.swift in Sources */,
				370C04602B26886C00FE27B0 /* DetailView.swift in Sources */,
				370C04512B26703F00FE27B0 /* SettingsView.swift in Sources */,
				3751124D2B26695D0000AE3D /* NavigOtakuApp.swift in Sources */,
				370C04562B26744700FE27B0 /* TopAnimeHelper.swift in Sources */,
				370C04782B269D1100FE27B0 /* SearchModel.swift in Sources */,
				37CE858F2B26EDF000DE6A12 /* NotificationManager.swift in Sources */,
				370C04582B2680E100FE27B0 /* TabType.swift in Sources */,
				37CE85982B26F34800DE6A12 /* DetailModel.swift in Sources */,
				370C04762B269CAE00FE27B0 /* TopAnimeModel.swift in Sources */,
				37CE85962B26F10100DE6A12 /* FavoriteView.swift in Sources */,
				37CE85892B26ED0900DE6A12 /* SoundManager.swift in Sources */,
			);
			runOnlyForDeploymentPostprocessing = 0;
		};
/* End PBXSourcesBuildPhase section */

/* Begin XCBuildConfiguration section */
		375112552B26695E0000AE3D /* Debug */ = {
			isa = XCBuildConfiguration;
			buildSettings = {
				ALWAYS_SEARCH_USER_PATHS = NO;
				CLANG_ANALYZER_NONNULL = YES;
				CLANG_ANALYZER_NUMBER_OBJECT_CONVERSION = YES_AGGRESSIVE;
				CLANG_CXX_LANGUAGE_STANDARD = "gnu++20";
				CLANG_ENABLE_MODULES = YES;
				CLANG_ENABLE_OBJC_ARC = YES;
				CLANG_ENABLE_OBJC_WEAK = YES;
				CLANG_WARN_BLOCK_CAPTURE_AUTORELEASING = YES;
				CLANG_WARN_BOOL_CONVERSION = YES;
				CLANG_WARN_COMMA = YES;
				CLANG_WARN_CONSTANT_CONVERSION = YES;
				CLANG_WARN_DEPRECATED_OBJC_IMPLEMENTATIONS = YES;
				CLANG_WARN_DIRECT_OBJC_ISA_USAGE = YES_ERROR;
				CLANG_WARN_DOCUMENTATION_COMMENTS = YES;
				CLANG_WARN_EMPTY_BODY = YES;
				CLANG_WARN_ENUM_CONVERSION = YES;
				CLANG_WARN_INFINITE_RECURSION = YES;
				CLANG_WARN_INT_CONVERSION = YES;
				CLANG_WARN_NON_LITERAL_NULL_CONVERSION = YES;
				CLANG_WARN_OBJC_IMPLICIT_RETAIN_SELF = YES;
				CLANG_WARN_OBJC_LITERAL_CONVERSION = YES;
				CLANG_WARN_OBJC_ROOT_CLASS = YES_ERROR;
				CLANG_WARN_QUOTED_INCLUDE_IN_FRAMEWORK_HEADER = YES;
				CLANG_WARN_RANGE_LOOP_ANALYSIS = YES;
				CLANG_WARN_STRICT_PROTOTYPES = YES;
				CLANG_WARN_SUSPICIOUS_MOVE = YES;
				CLANG_WARN_UNGUARDED_AVAILABILITY = YES_AGGRESSIVE;
				CLANG_WARN_UNREACHABLE_CODE = YES;
				CLANG_WARN__DUPLICATE_METHOD_MATCH = YES;
				COPY_PHASE_STRIP = NO;
				DEBUG_INFORMATION_FORMAT = dwarf;
				ENABLE_STRICT_OBJC_MSGSEND = YES;
				ENABLE_TESTABILITY = YES;
				ENABLE_USER_SCRIPT_SANDBOXING = YES;
				GCC_C_LANGUAGE_STANDARD = gnu11;
				GCC_DYNAMIC_NO_PIC = NO;
				GCC_NO_COMMON_BLOCKS = YES;
				GCC_OPTIMIZATION_LEVEL = 0;
				GCC_PREPROCESSOR_DEFINITIONS = (
					"DEBUG=1",
					"$(inherited)",
				);
				GCC_WARN_64_TO_32_BIT_CONVERSION = YES;
				GCC_WARN_ABOUT_RETURN_TYPE = YES_ERROR;
				GCC_WARN_UNDECLARED_SELECTOR = YES;
				GCC_WARN_UNINITIALIZED_AUTOS = YES_AGGRESSIVE;
				GCC_WARN_UNUSED_FUNCTION = YES;
				GCC_WARN_UNUSED_VARIABLE = YES;
				IPHONEOS_DEPLOYMENT_TARGET = 16.4;
				MTL_ENABLE_DEBUG_INFO = INCLUDE_SOURCE;
				MTL_FAST_MATH = YES;
				ONLY_ACTIVE_ARCH = YES;
				SDKROOT = iphoneos;
				SWIFT_ACTIVE_COMPILATION_CONDITIONS = DEBUG;
				SWIFT_OPTIMIZATION_LEVEL = "-Onone";
			};
			name = Debug;
		};
		375112562B26695E0000AE3D /* Release */ = {
			isa = XCBuildConfiguration;
			buildSettings = {
				ALWAYS_SEARCH_USER_PATHS = NO;
				CLANG_ANALYZER_NONNULL = YES;
				CLANG_ANALYZER_NUMBER_OBJECT_CONVERSION = YES_AGGRESSIVE;
				CLANG_CXX_LANGUAGE_STANDARD = "gnu++20";
				CLANG_ENABLE_MODULES = YES;
				CLANG_ENABLE_OBJC_ARC = YES;
				CLANG_ENABLE_OBJC_WEAK = YES;
				CLANG_WARN_BLOCK_CAPTURE_AUTORELEASING = YES;
				CLANG_WARN_BOOL_CONVERSION = YES;
				CLANG_WARN_COMMA = YES;
				CLANG_WARN_CONSTANT_CONVERSION = YES;
				CLANG_WARN_DEPRECATED_OBJC_IMPLEMENTATIONS = YES;
				CLANG_WARN_DIRECT_OBJC_ISA_USAGE = YES_ERROR;
				CLANG_WARN_DOCUMENTATION_COMMENTS = YES;
				CLANG_WARN_EMPTY_BODY = YES;
				CLANG_WARN_ENUM_CONVERSION = YES;
				CLANG_WARN_INFINITE_RECURSION = YES;
				CLANG_WARN_INT_CONVERSION = YES;
				CLANG_WARN_NON_LITERAL_NULL_CONVERSION = YES;
				CLANG_WARN_OBJC_IMPLICIT_RETAIN_SELF = YES;
				CLANG_WARN_OBJC_LITERAL_CONVERSION = YES;
				CLANG_WARN_OBJC_ROOT_CLASS = YES_ERROR;
				CLANG_WARN_QUOTED_INCLUDE_IN_FRAMEWORK_HEADER = YES;
				CLANG_WARN_RANGE_LOOP_ANALYSIS = YES;
				CLANG_WARN_STRICT_PROTOTYPES = YES;
				CLANG_WARN_SUSPICIOUS_MOVE = YES;
				CLANG_WARN_UNGUARDED_AVAILABILITY = YES_AGGRESSIVE;
				CLANG_WARN_UNREACHABLE_CODE = YES;
				CLANG_WARN__DUPLICATE_METHOD_MATCH = YES;
				COPY_PHASE_STRIP = NO;
				DEBUG_INFORMATION_FORMAT = "dwarf-with-dsym";
				ENABLE_NS_ASSERTIONS = NO;
				ENABLE_STRICT_OBJC_MSGSEND = YES;
				ENABLE_USER_SCRIPT_SANDBOXING = YES;
				GCC_C_LANGUAGE_STANDARD = gnu11;
				GCC_NO_COMMON_BLOCKS = YES;
				GCC_WARN_64_TO_32_BIT_CONVERSION = YES;
				GCC_WARN_ABOUT_RETURN_TYPE = YES_ERROR;
				GCC_WARN_UNDECLARED_SELECTOR = YES;
				GCC_WARN_UNINITIALIZED_AUTOS = YES_AGGRESSIVE;
				GCC_WARN_UNUSED_FUNCTION = YES;
				GCC_WARN_UNUSED_VARIABLE = YES;
				IPHONEOS_DEPLOYMENT_TARGET = 16.4;
				MTL_ENABLE_DEBUG_INFO = NO;
				MTL_FAST_MATH = YES;
				SDKROOT = iphoneos;
				SWIFT_COMPILATION_MODE = wholemodule;
				SWIFT_OPTIMIZATION_LEVEL = "-O";
				VALIDATE_PRODUCT = YES;
			};
			name = Release;
		};
		375112582B26695E0000AE3D /* Debug */ = {
			isa = XCBuildConfiguration;
			buildSettings = {
				ASSETCATALOG_COMPILER_APPICON_NAME = AppIcon;
				ASSETCATALOG_COMPILER_GLOBAL_ACCENT_COLOR_NAME = AccentColor;
				CODE_SIGN_STYLE = Automatic;
				CURRENT_PROJECT_VERSION = 12.0;
				DEVELOPMENT_ASSET_PATHS = "\"NavigOtaku/Preview Content\"";
				ENABLE_PREVIEWS = YES;
				GENERATE_INFOPLIST_FILE = YES;
				INFOPLIST_FILE = NavigOtaku/Info.plist;
				INFOPLIST_KEY_NSHumanReadableCopyright = "© 2023. Wentao (Todd) Jiang";
				INFOPLIST_KEY_UIApplicationSceneManifest_Generation = YES;
				INFOPLIST_KEY_UIApplicationSupportsIndirectInputEvents = YES;
				INFOPLIST_KEY_UISupportedInterfaceOrientations_iPad = "UIInterfaceOrientationPortrait UIInterfaceOrientationPortraitUpsideDown UIInterfaceOrientationLandscapeLeft UIInterfaceOrientationLandscapeRight";
				INFOPLIST_KEY_UISupportedInterfaceOrientations_iPhone = "UIInterfaceOrientationPortrait UIInterfaceOrientationLandscapeLeft UIInterfaceOrientationLandscapeRight";
				INFOPLIST_KEY_UISupportsDocumentBrowser = YES;
				IPHONEOS_DEPLOYMENT_TARGET = 17.2;
				LD_RUNPATH_SEARCH_PATHS = (
					"$(inherited)",
					"@executable_path/Frameworks",
				);
				MARKETING_VERSION = 2.0;
				PRODUCT_BUNDLE_IDENTIFIER = com.wentaoj.NavigOtaku;
				PRODUCT_NAME = "$(TARGET_NAME)";
				SWIFT_EMIT_LOC_STRINGS = YES;
				SWIFT_VERSION = 5.0;
				TARGETED_DEVICE_FAMILY = "1,2";
			};
			name = Debug;
		};
		375112592B26695E0000AE3D /* Release */ = {
			isa = XCBuildConfiguration;
			buildSettings = {
				ASSETCATALOG_COMPILER_APPICON_NAME = AppIcon;
				ASSETCATALOG_COMPILER_GLOBAL_ACCENT_COLOR_NAME = AccentColor;
				CODE_SIGN_STYLE = Automatic;
				CURRENT_PROJECT_VERSION = 12.0;
				DEVELOPMENT_ASSET_PATHS = "\"NavigOtaku/Preview Content\"";
				ENABLE_PREVIEWS = YES;
				GENERATE_INFOPLIST_FILE = YES;
				INFOPLIST_FILE = NavigOtaku/Info.plist;
				INFOPLIST_KEY_NSHumanReadableCopyright = "© 2023. Wentao (Todd) Jiang";
				INFOPLIST_KEY_UIApplicationSceneManifest_Generation = YES;
				INFOPLIST_KEY_UIApplicationSupportsIndirectInputEvents = YES;
				INFOPLIST_KEY_UISupportedInterfaceOrientations_iPad = "UIInterfaceOrientationPortrait UIInterfaceOrientationPortraitUpsideDown UIInterfaceOrientationLandscapeLeft UIInterfaceOrientationLandscapeRight";
				INFOPLIST_KEY_UISupportedInterfaceOrientations_iPhone = "UIInterfaceOrientationPortrait UIInterfaceOrientationLandscapeLeft UIInterfaceOrientationLandscapeRight";
				INFOPLIST_KEY_UISupportsDocumentBrowser = YES;
				IPHONEOS_DEPLOYMENT_TARGET = 17.2;
				LD_RUNPATH_SEARCH_PATHS = (
					"$(inherited)",
					"@executable_path/Frameworks",
				);
				MARKETING_VERSION = 2.0;
				PRODUCT_BUNDLE_IDENTIFIER = com.wentaoj.NavigOtaku;
				PRODUCT_NAME = "$(TARGET_NAME)";
				SWIFT_EMIT_LOC_STRINGS = YES;
				SWIFT_VERSION = 5.0;
				TARGETED_DEVICE_FAMILY = "1,2";
			};
			name = Release;
		};
/* End XCBuildConfiguration section */

/* Begin XCConfigurationList section */
		375112442B26695D0000AE3D /* Build configuration list for PBXProject "NavigOtaku" */ = {
			isa = XCConfigurationList;
			buildConfigurations = (
				375112552B26695E0000AE3D /* Debug */,
				375112562B26695E0000AE3D /* Release */,
			);
			defaultConfigurationIsVisible = 0;
			defaultConfigurationName = Release;
		};
		375112572B26695E0000AE3D /* Build configuration list for PBXNativeTarget "NavigOtaku" */ = {
			isa = XCConfigurationList;
			buildConfigurations = (
				375112582B26695E0000AE3D /* Debug */,
				375112592B26695E0000AE3D /* Release */,
			);
			defaultConfigurationIsVisible = 0;
			defaultConfigurationName = Release;
		};
/* End XCConfigurationList section */
	};
	rootObject = 375112412B26695D0000AE3D /* Project object */;
}
